{
  "name": "uni-shop",
  "lockfileVersion": 3,
  "requires": true,
  "packages": {
    "": {
      "devDependencies": {
        "axios-miniprogram": "^2.5.0"
      }
    },
    "node_modules/axios-miniprogram": {
      "version": "2.5.0",
      "resolved": "https://registry.npmmirror.com/axios-miniprogram/-/axios-miniprogram-2.5.0.tgz",
      "integrity": "sha512-czdxa/27z7yEeoNit/4guez1T4tB2w+wnBGQUGPNsUjy0hVngFl1zWSMSgP4A/PnWHA2ZHCLj20uzar11bDfhg==",
      "dev": true
    }
  }
}
